<?xml version="1.0" encoding="UTF-8"?>
<CodeBlocks_project_file>
	<FileVersion major="1" minor="6"/>
	<Project>
		<Option title="Bacteria_Simulator_SSV_2020_STEP2"/>
		<Option makefile_is_custom="1"/>
		<Option compiler="gcc"/>
		<Option virtualFolders="CMake Files\;CMake Files\..\;CMake Files\..\..\;CMake Files\..\..\..\;CMake Files\..\..\..\..\;CMake Files\..\..\..\..\..\;CMake Files\..\..\..\..\..\..\;CMake Files\..\..\..\..\..\..\..\;CMake Files\..\..\..\..\..\..\..\..\;CMake Files\..\..\..\..\..\..\..\..\..\;CMake Files\..\..\..\..\..\..\..\..\..\usr\;CMake Files\..\..\..\..\..\..\..\..\..\usr\local\;CMake Files\..\..\..\..\..\..\..\..\..\usr\local\lib\;CMake Files\..\..\..\..\..\..\..\..\..\usr\local\lib\cmake\;CMake Files\..\..\..\..\..\..\..\..\..\usr\local\lib\cmake\SFML\;"/>
		<Build>
			<Target title="all">
				<Option working_dir="/home/payoux/Desktop/myfiles/Programmation/cpp/projet/partie2/build-src-Desktop-Default"/>
				<Option type="4"/>
				<MakeCommands>
					<Build command="/usr/bin/make -j2 -f &quot;/home/payoux/Desktop/myfiles/Programmation/cpp/projet/partie2/build-src-Desktop-Default/Makefile&quot;  VERBOSE=1 all"/>
					<CompileFile command="/usr/bin/make -j2 -f &quot;/home/payoux/Desktop/myfiles/Programmation/cpp/projet/partie2/build-src-Desktop-Default/Makefile&quot;  VERBOSE=1 &quot;$file&quot;"/>
					<Clean command="/usr/bin/make -j2 -f &quot;/home/payoux/Desktop/myfiles/Programmation/cpp/projet/partie2/build-src-Desktop-Default/Makefile&quot;  VERBOSE=1 clean"/>
					<DistClean command="/usr/bin/make -j2 -f &quot;/home/payoux/Desktop/myfiles/Programmation/cpp/projet/partie2/build-src-Desktop-Default/Makefile&quot;  VERBOSE=1 clean"/>
				</MakeCommands>
			</Target>
			<Target title="edit_cache">
				<Option working_dir="/home/payoux/Desktop/myfiles/Programmation/cpp/projet/partie2/build-src-Desktop-Default"/>
				<Option type="4"/>
				<MakeCommands>
					<Build command="/usr/bin/make -j2 -f &quot;/home/payoux/Desktop/myfiles/Programmation/cpp/projet/partie2/build-src-Desktop-Default/Makefile&quot;  VERBOSE=1 edit_cache"/>
					<CompileFile command="/usr/bin/make -j2 -f &quot;/home/payoux/Desktop/myfiles/Programmation/cpp/projet/partie2/build-src-Desktop-Default/Makefile&quot;  VERBOSE=1 &quot;$file&quot;"/>
					<Clean command="/usr/bin/make -j2 -f &quot;/home/payoux/Desktop/myfiles/Programmation/cpp/projet/partie2/build-src-Desktop-Default/Makefile&quot;  VERBOSE=1 clean"/>
					<DistClean command="/usr/bin/make -j2 -f &quot;/home/payoux/Desktop/myfiles/Programmation/cpp/projet/partie2/build-src-Desktop-Default/Makefile&quot;  VERBOSE=1 clean"/>
				</MakeCommands>
			</Target>
			<Target title="nutrimentTest">
				<Option output="/home/payoux/Desktop/myfiles/Programmation/cpp/projet/partie2/build-src-Desktop-Default/nutrimentTest" prefix_auto="0" extension_auto="0"/>
				<Option working_dir="/home/payoux/Desktop/myfiles/Programmation/cpp/projet/partie2/build-src-Desktop-Default"/>
				<Option object_output="./"/>
				<Option type="1"/>
				<Option compiler="gcc"/>
				<Compiler>
					<Add directory="/home/payoux/Desktop/myfiles/Programmation/cpp/projet/partie2/src"/>
					<Add directory="/home/payoux/Desktop/myfiles/Programmation/cpp/projet/partie2/src/../extlib/Catch/include"/>
					<Add directory="/home/payoux/Desktop/myfiles/Programmation/cpp/projet/partie2/src/Tests"/>
					<Add directory="/usr/local/include"/>
					<Add directory="/usr/include/c++/7"/>
					<Add directory="/usr/include/x86_64-linux-gnu/c++/7"/>
					<Add directory="/usr/include/c++/7/backward"/>
					<Add directory="/usr/lib/gcc/x86_64-linux-gnu/7/include"/>
					<Add directory="/usr/lib/gcc/x86_64-linux-gnu/7/include-fixed"/>
					<Add directory="/usr/include/x86_64-linux-gnu"/>
					<Add directory="/usr/include"/>
				</Compiler>
				<MakeCommands>
					<Build command="/usr/bin/make -j2 -f &quot;/home/payoux/Desktop/myfiles/Programmation/cpp/projet/partie2/build-src-Desktop-Default/Makefile&quot;  VERBOSE=1 nutrimentTest"/>
					<CompileFile command="/usr/bin/make -j2 -f &quot;/home/payoux/Desktop/myfiles/Programmation/cpp/projet/partie2/build-src-Desktop-Default/Makefile&quot;  VERBOSE=1 &quot;$file&quot;"/>
					<Clean command="/usr/bin/make -j2 -f &quot;/home/payoux/Desktop/myfiles/Programmation/cpp/projet/partie2/build-src-Desktop-Default/Makefile&quot;  VERBOSE=1 clean"/>
					<DistClean command="/usr/bin/make -j2 -f &quot;/home/payoux/Desktop/myfiles/Programmation/cpp/projet/partie2/build-src-Desktop-Default/Makefile&quot;  VERBOSE=1 clean"/>
				</MakeCommands>
			</Target>
			<Target title="nutrimentTest/fast">
				<Option output="/home/payoux/Desktop/myfiles/Programmation/cpp/projet/partie2/build-src-Desktop-Default/nutrimentTest" prefix_auto="0" extension_auto="0"/>
				<Option working_dir="/home/payoux/Desktop/myfiles/Programmation/cpp/projet/partie2/build-src-Desktop-Default"/>
				<Option object_output="./"/>
				<Option type="1"/>
				<Option compiler="gcc"/>
				<Compiler>
					<Add directory="/home/payoux/Desktop/myfiles/Programmation/cpp/projet/partie2/src"/>
					<Add directory="/home/payoux/Desktop/myfiles/Programmation/cpp/projet/partie2/src/../extlib/Catch/include"/>
					<Add directory="/home/payoux/Desktop/myfiles/Programmation/cpp/projet/partie2/src/Tests"/>
					<Add directory="/usr/local/include"/>
					<Add directory="/usr/include/c++/7"/>
					<Add directory="/usr/include/x86_64-linux-gnu/c++/7"/>
					<Add directory="/usr/include/c++/7/backward"/>
					<Add directory="/usr/lib/gcc/x86_64-linux-gnu/7/include"/>
					<Add directory="/usr/lib/gcc/x86_64-linux-gnu/7/include-fixed"/>
					<Add directory="/usr/include/x86_64-linux-gnu"/>
					<Add directory="/usr/include"/>
				</Compiler>
				<MakeCommands>
					<Build command="/usr/bin/make -j2 -f &quot;/home/payoux/Desktop/myfiles/Programmation/cpp/projet/partie2/build-src-Desktop-Default/Makefile&quot;  VERBOSE=1 nutrimentTest/fast"/>
					<CompileFile command="/usr/bin/make -j2 -f &quot;/home/payoux/Desktop/myfiles/Programmation/cpp/projet/partie2/build-src-Desktop-Default/Makefile&quot;  VERBOSE=1 &quot;$file&quot;"/>
					<Clean command="/usr/bin/make -j2 -f &quot;/home/payoux/Desktop/myfiles/Programmation/cpp/projet/partie2/build-src-Desktop-Default/Makefile&quot;  VERBOSE=1 clean"/>
					<DistClean command="/usr/bin/make -j2 -f &quot;/home/payoux/Desktop/myfiles/Programmation/cpp/projet/partie2/build-src-Desktop-Default/Makefile&quot;  VERBOSE=1 clean"/>
				</MakeCommands>
			</Target>
			<Target title="rebuild_cache">
				<Option working_dir="/home/payoux/Desktop/myfiles/Programmation/cpp/projet/partie2/build-src-Desktop-Default"/>
				<Option type="4"/>
				<MakeCommands>
					<Build command="/usr/bin/make -j2 -f &quot;/home/payoux/Desktop/myfiles/Programmation/cpp/projet/partie2/build-src-Desktop-Default/Makefile&quot;  VERBOSE=1 rebuild_cache"/>
					<CompileFile command="/usr/bin/make -j2 -f &quot;/home/payoux/Desktop/myfiles/Programmation/cpp/projet/partie2/build-src-Desktop-Default/Makefile&quot;  VERBOSE=1 &quot;$file&quot;"/>
					<Clean command="/usr/bin/make -j2 -f &quot;/home/payoux/Desktop/myfiles/Programmation/cpp/projet/partie2/build-src-Desktop-Default/Makefile&quot;  VERBOSE=1 clean"/>
					<DistClean command="/usr/bin/make -j2 -f &quot;/home/payoux/Desktop/myfiles/Programmation/cpp/projet/partie2/build-src-Desktop-Default/Makefile&quot;  VERBOSE=1 clean"/>
				</MakeCommands>
			</Target>
			<Target title="circularBodyTest">
				<Option output="/home/payoux/Desktop/myfiles/Programmation/cpp/projet/partie2/build-src-Desktop-Default/circularBodyTest" prefix_auto="0" extension_auto="0"/>
				<Option working_dir="/home/payoux/Desktop/myfiles/Programmation/cpp/projet/partie2/build-src-Desktop-Default"/>
				<Option object_output="./"/>
				<Option type="1"/>
				<Option compiler="gcc"/>
				<Compiler>
					<Add directory="/home/payoux/Desktop/myfiles/Programmation/cpp/projet/partie2/src"/>
					<Add directory="/home/payoux/Desktop/myfiles/Programmation/cpp/projet/partie2/src/../extlib/Catch/include"/>
					<Add directory="/home/payoux/Desktop/myfiles/Programmation/cpp/projet/partie2/src/Tests"/>
					<Add directory="/usr/local/include"/>
					<Add directory="/usr/include/c++/7"/>
					<Add directory="/usr/include/x86_64-linux-gnu/c++/7"/>
					<Add directory="/usr/include/c++/7/backward"/>
					<Add directory="/usr/lib/gcc/x86_64-linux-gnu/7/include"/>
					<Add directory="/usr/lib/gcc/x86_64-linux-gnu/7/include-fixed"/>
					<Add directory="/usr/include/x86_64-linux-gnu"/>
					<Add directory="/usr/include"/>
				</Compiler>
				<MakeCommands>
					<Build command="/usr/bin/make -j2 -f &quot;/home/payoux/Desktop/myfiles/Programmation/cpp/projet/partie2/build-src-Desktop-Default/Makefile&quot;  VERBOSE=1 circularBodyTest"/>
					<CompileFile command="/usr/bin/make -j2 -f &quot;/home/payoux/Desktop/myfiles/Programmation/cpp/projet/partie2/build-src-Desktop-Default/Makefile&quot;  VERBOSE=1 &quot;$file&quot;"/>
					<Clean command="/usr/bin/make -j2 -f &quot;/home/payoux/Desktop/myfiles/Programmation/cpp/projet/partie2/build-src-Desktop-Default/Makefile&quot;  VERBOSE=1 clean"/>
					<DistClean command="/usr/bin/make -j2 -f &quot;/home/payoux/Desktop/myfiles/Programmation/cpp/projet/partie2/build-src-Desktop-Default/Makefile&quot;  VERBOSE=1 clean"/>
				</MakeCommands>
			</Target>
			<Target title="circularBodyTest/fast">
				<Option output="/home/payoux/Desktop/myfiles/Programmation/cpp/projet/partie2/build-src-Desktop-Default/circularBodyTest" prefix_auto="0" extension_auto="0"/>
				<Option working_dir="/home/payoux/Desktop/myfiles/Programmation/cpp/projet/partie2/build-src-Desktop-Default"/>
				<Option object_output="./"/>
				<Option type="1"/>
				<Option compiler="gcc"/>
				<Compiler>
					<Add directory="/home/payoux/Desktop/myfiles/Programmation/cpp/projet/partie2/src"/>
					<Add directory="/home/payoux/Desktop/myfiles/Programmation/cpp/projet/partie2/src/../extlib/Catch/include"/>
					<Add directory="/home/payoux/Desktop/myfiles/Programmation/cpp/projet/partie2/src/Tests"/>
					<Add directory="/usr/local/include"/>
					<Add directory="/usr/include/c++/7"/>
					<Add directory="/usr/include/x86_64-linux-gnu/c++/7"/>
					<Add directory="/usr/include/c++/7/backward"/>
					<Add directory="/usr/lib/gcc/x86_64-linux-gnu/7/include"/>
					<Add directory="/usr/lib/gcc/x86_64-linux-gnu/7/include-fixed"/>
					<Add directory="/usr/include/x86_64-linux-gnu"/>
					<Add directory="/usr/include"/>
				</Compiler>
				<MakeCommands>
					<Build command="/usr/bin/make -j2 -f &quot;/home/payoux/Desktop/myfiles/Programmation/cpp/projet/partie2/build-src-Desktop-Default/Makefile&quot;  VERBOSE=1 circularBodyTest/fast"/>
					<CompileFile command="/usr/bin/make -j2 -f &quot;/home/payoux/Desktop/myfiles/Programmation/cpp/projet/partie2/build-src-Desktop-Default/Makefile&quot;  VERBOSE=1 &quot;$file&quot;"/>
					<Clean command="/usr/bin/make -j2 -f &quot;/home/payoux/Desktop/myfiles/Programmation/cpp/projet/partie2/build-src-Desktop-Default/Makefile&quot;  VERBOSE=1 clean"/>
					<DistClean command="/usr/bin/make -j2 -f &quot;/home/payoux/Desktop/myfiles/Programmation/cpp/projet/partie2/build-src-Desktop-Default/Makefile&quot;  VERBOSE=1 clean"/>
				</MakeCommands>
			</Target>
			<Target title="vec2dTest">
				<Option output="/home/payoux/Desktop/myfiles/Programmation/cpp/projet/partie2/build-src-Desktop-Default/vec2dTest" prefix_auto="0" extension_auto="0"/>
				<Option working_dir="/home/payoux/Desktop/myfiles/Programmation/cpp/projet/partie2/build-src-Desktop-Default"/>
				<Option object_output="./"/>
				<Option type="1"/>
				<Option compiler="gcc"/>
				<Compiler>
					<Add directory="/home/payoux/Desktop/myfiles/Programmation/cpp/projet/partie2/src"/>
					<Add directory="/home/payoux/Desktop/myfiles/Programmation/cpp/projet/partie2/src/../extlib/Catch/include"/>
					<Add directory="/home/payoux/Desktop/myfiles/Programmation/cpp/projet/partie2/src/Tests"/>
					<Add directory="/usr/local/include"/>
					<Add directory="/usr/include/c++/7"/>
					<Add directory="/usr/include/x86_64-linux-gnu/c++/7"/>
					<Add directory="/usr/include/c++/7/backward"/>
					<Add directory="/usr/lib/gcc/x86_64-linux-gnu/7/include"/>
					<Add directory="/usr/lib/gcc/x86_64-linux-gnu/7/include-fixed"/>
					<Add directory="/usr/include/x86_64-linux-gnu"/>
					<Add directory="/usr/include"/>
				</Compiler>
				<MakeCommands>
					<Build command="/usr/bin/make -j2 -f &quot;/home/payoux/Desktop/myfiles/Programmation/cpp/projet/partie2/build-src-Desktop-Default/Makefile&quot;  VERBOSE=1 vec2dTest"/>
					<CompileFile command="/usr/bin/make -j2 -f &quot;/home/payoux/Desktop/myfiles/Programmation/cpp/projet/partie2/build-src-Desktop-Default/Makefile&quot;  VERBOSE=1 &quot;$file&quot;"/>
					<Clean command="/usr/bin/make -j2 -f &quot;/home/payoux/Desktop/myfiles/Programmation/cpp/projet/partie2/build-src-Desktop-Default/Makefile&quot;  VERBOSE=1 clean"/>
					<DistClean command="/usr/bin/make -j2 -f &quot;/home/payoux/Desktop/myfiles/Programmation/cpp/projet/partie2/build-src-Desktop-Default/Makefile&quot;  VERBOSE=1 clean"/>
				</MakeCommands>
			</Target>
			<Target title="vec2dTest/fast">
				<Option output="/home/payoux/Desktop/myfiles/Programmation/cpp/projet/partie2/build-src-Desktop-Default/vec2dTest" prefix_auto="0" extension_auto="0"/>
				<Option working_dir="/home/payoux/Desktop/myfiles/Programmation/cpp/projet/partie2/build-src-Desktop-Default"/>
				<Option object_output="./"/>
				<Option type="1"/>
				<Option compiler="gcc"/>
				<Compiler>
					<Add directory="/home/payoux/Desktop/myfiles/Programmation/cpp/projet/partie2/src"/>
					<Add directory="/home/payoux/Desktop/myfiles/Programmation/cpp/projet/partie2/src/../extlib/Catch/include"/>
					<Add directory="/home/payoux/Desktop/myfiles/Programmation/cpp/projet/partie2/src/Tests"/>
					<Add directory="/usr/local/include"/>
					<Add directory="/usr/include/c++/7"/>
					<Add directory="/usr/include/x86_64-linux-gnu/c++/7"/>
					<Add directory="/usr/include/c++/7/backward"/>
					<Add directory="/usr/lib/gcc/x86_64-linux-gnu/7/include"/>
					<Add directory="/usr/lib/gcc/x86_64-linux-gnu/7/include-fixed"/>
					<Add directory="/usr/include/x86_64-linux-gnu"/>
					<Add directory="/usr/include"/>
				</Compiler>
				<MakeCommands>
					<Build command="/usr/bin/make -j2 -f &quot;/home/payoux/Desktop/myfiles/Programmation/cpp/projet/partie2/build-src-Desktop-Default/Makefile&quot;  VERBOSE=1 vec2dTest/fast"/>
					<CompileFile command="/usr/bin/make -j2 -f &quot;/home/payoux/Desktop/myfiles/Programmation/cpp/projet/partie2/build-src-Desktop-Default/Makefile&quot;  VERBOSE=1 &quot;$file&quot;"/>
					<Clean command="/usr/bin/make -j2 -f &quot;/home/payoux/Desktop/myfiles/Programmation/cpp/projet/partie2/build-src-Desktop-Default/Makefile&quot;  VERBOSE=1 clean"/>
					<DistClean command="/usr/bin/make -j2 -f &quot;/home/payoux/Desktop/myfiles/Programmation/cpp/projet/partie2/build-src-Desktop-Default/Makefile&quot;  VERBOSE=1 clean"/>
				</MakeCommands>
			</Target>
		</Build>
		<Unit filename="/home/payoux/Desktop/myfiles/Programmation/cpp/projet/partie2/extlib/Catch/include/catch.hpp">
			<Option target="circularBodyTest"/>
			<Option target="vec2dTest"/>
		</Unit>
		<Unit filename="/home/payoux/Desktop/myfiles/Programmation/cpp/projet/partie2/src/Application.cpp">
			<Option target="nutrimentTest"/>
		</Unit>
		<Unit filename="/home/payoux/Desktop/myfiles/Programmation/cpp/projet/partie2/src/Application.hpp">
			<Option target="nutrimentTest"/>
		</Unit>
		<Unit filename="/home/payoux/Desktop/myfiles/Programmation/cpp/projet/partie2/src/Config.cpp">
			<Option target="nutrimentTest"/>
		</Unit>
		<Unit filename="/home/payoux/Desktop/myfiles/Programmation/cpp/projet/partie2/src/Config.hpp">
			<Option target="nutrimentTest"/>
		</Unit>
		<Unit filename="/home/payoux/Desktop/myfiles/Programmation/cpp/projet/partie2/src/JSON/JSON.cpp">
			<Option target="nutrimentTest"/>
			<Option target="circularBodyTest"/>
			<Option target="vec2dTest"/>
		</Unit>
		<Unit filename="/home/payoux/Desktop/myfiles/Programmation/cpp/projet/partie2/src/JSON/JSON.hpp">
			<Option target="nutrimentTest"/>
			<Option target="circularBodyTest"/>
			<Option target="vec2dTest"/>
		</Unit>
		<Unit filename="/home/payoux/Desktop/myfiles/Programmation/cpp/projet/partie2/src/JSON/JSONImpl.cpp">
			<Option target="nutrimentTest"/>
			<Option target="circularBodyTest"/>
			<Option target="vec2dTest"/>
		</Unit>
		<Unit filename="/home/payoux/Desktop/myfiles/Programmation/cpp/projet/partie2/src/JSON/JSONImpl.hpp">
			<Option target="nutrimentTest"/>
			<Option target="circularBodyTest"/>
			<Option target="vec2dTest"/>
		</Unit>
		<Unit filename="/home/payoux/Desktop/myfiles/Programmation/cpp/projet/partie2/src/JSON/JSONSerialiser.cpp">
			<Option target="nutrimentTest"/>
			<Option target="circularBodyTest"/>
			<Option target="vec2dTest"/>
		</Unit>
		<Unit filename="/home/payoux/Desktop/myfiles/Programmation/cpp/projet/partie2/src/JSON/JSONSerialiser.hpp">
			<Option target="nutrimentTest"/>
			<Option target="circularBodyTest"/>
			<Option target="vec2dTest"/>
		</Unit>
		<Unit filename="/home/payoux/Desktop/myfiles/Programmation/cpp/projet/partie2/src/Lab/Bacterium.cpp">
			<Option target="nutrimentTest"/>
		</Unit>
		<Unit filename="/home/payoux/Desktop/myfiles/Programmation/cpp/projet/partie2/src/Lab/Bacterium.hpp">
			<Option target="nutrimentTest"/>
		</Unit>
		<Unit filename="/home/payoux/Desktop/myfiles/Programmation/cpp/projet/partie2/src/Lab/CircularBody.cpp">
			<Option target="nutrimentTest"/>
			<Option target="circularBodyTest"/>
		</Unit>
		<Unit filename="/home/payoux/Desktop/myfiles/Programmation/cpp/projet/partie2/src/Lab/CircularBody.hpp">
			<Option target="nutrimentTest"/>
			<Option target="circularBodyTest"/>
		</Unit>
		<Unit filename="/home/payoux/Desktop/myfiles/Programmation/cpp/projet/partie2/src/Lab/Lab.cpp">
			<Option target="nutrimentTest"/>
		</Unit>
		<Unit filename="/home/payoux/Desktop/myfiles/Programmation/cpp/projet/partie2/src/Lab/Lab.hpp">
			<Option target="nutrimentTest"/>
		</Unit>
		<Unit filename="/home/payoux/Desktop/myfiles/Programmation/cpp/projet/partie2/src/Lab/Nutriment.cpp">
			<Option target="nutrimentTest"/>
		</Unit>
		<Unit filename="/home/payoux/Desktop/myfiles/Programmation/cpp/projet/partie2/src/Lab/Nutriment.hpp">
			<Option target="nutrimentTest"/>
		</Unit>
		<Unit filename="/home/payoux/Desktop/myfiles/Programmation/cpp/projet/partie2/src/Lab/PetriDish.cpp">
			<Option target="nutrimentTest"/>
		</Unit>
		<Unit filename="/home/payoux/Desktop/myfiles/Programmation/cpp/projet/partie2/src/Lab/PetriDish.hpp">
			<Option target="nutrimentTest"/>
		</Unit>
		<Unit filename="/home/payoux/Desktop/myfiles/Programmation/cpp/projet/partie2/src/Random/Random.cpp">
			<Option target="nutrimentTest"/>
			<Option target="circularBodyTest"/>
			<Option target="vec2dTest"/>
		</Unit>
		<Unit filename="/home/payoux/Desktop/myfiles/Programmation/cpp/projet/partie2/src/Random/Random.hpp">
			<Option target="nutrimentTest"/>
			<Option target="circularBodyTest"/>
			<Option target="vec2dTest"/>
		</Unit>
		<Unit filename="/home/payoux/Desktop/myfiles/Programmation/cpp/projet/partie2/src/Random/RandomGenerator.cpp">
			<Option target="nutrimentTest"/>
			<Option target="circularBodyTest"/>
			<Option target="vec2dTest"/>
		</Unit>
		<Unit filename="/home/payoux/Desktop/myfiles/Programmation/cpp/projet/partie2/src/Random/RandomGenerator.hpp">
			<Option target="nutrimentTest"/>
			<Option target="circularBodyTest"/>
			<Option target="vec2dTest"/>
		</Unit>
		<Unit filename="/home/payoux/Desktop/myfiles/Programmation/cpp/projet/partie2/src/Tests/GraphicalTests/NutrimentTest.cpp">
			<Option target="nutrimentTest"/>
		</Unit>
		<Unit filename="/home/payoux/Desktop/myfiles/Programmation/cpp/projet/partie2/src/Tests/UnitTests/CatchTests.cpp">
			<Option target="circularBodyTest"/>
			<Option target="vec2dTest"/>
		</Unit>
		<Unit filename="/home/payoux/Desktop/myfiles/Programmation/cpp/projet/partie2/src/Tests/UnitTests/CheckUtility.hpp">
			<Option target="circularBodyTest"/>
			<Option target="vec2dTest"/>
		</Unit>
		<Unit filename="/home/payoux/Desktop/myfiles/Programmation/cpp/projet/partie2/src/Tests/UnitTests/CircularBodyTest.cpp">
			<Option target="circularBodyTest"/>
		</Unit>
		<Unit filename="/home/payoux/Desktop/myfiles/Programmation/cpp/projet/partie2/src/Tests/UnitTests/Vec2dTest.cpp">
			<Option target="vec2dTest"/>
		</Unit>
		<Unit filename="/home/payoux/Desktop/myfiles/Programmation/cpp/projet/partie2/src/Utility/Constants.hpp">
			<Option target="nutrimentTest"/>
			<Option target="circularBodyTest"/>
			<Option target="vec2dTest"/>
		</Unit>
		<Unit filename="/home/payoux/Desktop/myfiles/Programmation/cpp/projet/partie2/src/Utility/Types.hpp">
			<Option target="nutrimentTest"/>
			<Option target="circularBodyTest"/>
			<Option target="vec2dTest"/>
		</Unit>
		<Unit filename="/home/payoux/Desktop/myfiles/Programmation/cpp/projet/partie2/src/Utility/Utility.cpp">
			<Option target="nutrimentTest"/>
			<Option target="circularBodyTest"/>
			<Option target="vec2dTest"/>
		</Unit>
		<Unit filename="/home/payoux/Desktop/myfiles/Programmation/cpp/projet/partie2/src/Utility/Utility.hpp">
			<Option target="nutrimentTest"/>
			<Option target="circularBodyTest"/>
			<Option target="vec2dTest"/>
		</Unit>
		<Unit filename="/home/payoux/Desktop/myfiles/Programmation/cpp/projet/partie2/src/Utility/Vec2d.cpp">
			<Option target="nutrimentTest"/>
			<Option target="circularBodyTest"/>
			<Option target="vec2dTest"/>
		</Unit>
		<Unit filename="/home/payoux/Desktop/myfiles/Programmation/cpp/projet/partie2/src/Utility/Vec2d.hpp">
			<Option target="nutrimentTest"/>
			<Option target="circularBodyTest"/>
			<Option target="vec2dTest"/>
		</Unit>
		<Unit filename="/home/payoux/Desktop/myfiles/Programmation/cpp/projet/partie2/src/CMakeLists.txt">
			<Option virtualFolder="CMake Files\"/>
		</Unit>
		<Unit filename="/home/payoux/Desktop/myfiles/Programmation/cpp/projet/partie2/src/../../../../../../../../../usr/local/lib/cmake/SFML/SFMLConfig.cmake">
			<Option virtualFolder="CMake Files\..\..\..\..\..\..\..\..\..\usr\local\lib\cmake\SFML\"/>
		</Unit>
		<Unit filename="/home/payoux/Desktop/myfiles/Programmation/cpp/projet/partie2/src/../../../../../../../../../usr/local/lib/cmake/SFML/SFMLConfigDependencies.cmake">
			<Option virtualFolder="CMake Files\..\..\..\..\..\..\..\..\..\usr\local\lib\cmake\SFML\"/>
		</Unit>
		<Unit filename="/home/payoux/Desktop/myfiles/Programmation/cpp/projet/partie2/src/../../../../../../../../../usr/local/lib/cmake/SFML/SFMLConfigVersion.cmake">
			<Option virtualFolder="CMake Files\..\..\..\..\..\..\..\..\..\usr\local\lib\cmake\SFML\"/>
		</Unit>
		<Unit filename="/home/payoux/Desktop/myfiles/Programmation/cpp/projet/partie2/src/../../../../../../../../../usr/local/lib/cmake/SFML/SFMLSharedTargets-release.cmake">
			<Option virtualFolder="CMake Files\..\..\..\..\..\..\..\..\..\usr\local\lib\cmake\SFML\"/>
		</Unit>
		<Unit filename="/home/payoux/Desktop/myfiles/Programmation/cpp/projet/partie2/src/../../../../../../../../../usr/local/lib/cmake/SFML/SFMLSharedTargets.cmake">
			<Option virtualFolder="CMake Files\..\..\..\..\..\..\..\..\..\usr\local\lib\cmake\SFML\"/>
		</Unit>
	</Project>
</CodeBlocks_project_file>
