<?xml version="1.0" encoding="UTF-8"?>
<CodeBlocks_project_file>
	<FileVersion major="1" minor="6"/>
	<Project>
		<Option title="Bacteria_Simulator_SSV_2020_STEP5"/>
		<Option makefile_is_custom="1"/>
		<Option compiler="gcc"/>
		<Option virtualFolders="CMake Files\;CMake Files\..\;CMake Files\..\..\;CMake Files\..\..\..\;CMake Files\..\..\..\..\;CMake Files\..\..\..\..\..\;CMake Files\..\..\..\..\..\..\;CMake Files\..\..\..\..\..\..\..\;CMake Files\..\..\..\..\..\..\..\..\;CMake Files\..\..\..\..\..\..\..\..\..\;CMake Files\..\..\..\..\..\..\..\..\..\usr\;CMake Files\..\..\..\..\..\..\..\..\..\usr\local\;CMake Files\..\..\..\..\..\..\..\..\..\usr\local\lib\;CMake Files\..\..\..\..\..\..\..\..\..\usr\local\lib\cmake\;CMake Files\..\..\..\..\..\..\..\..\..\usr\local\lib\cmake\SFML\;"/>
		<Build>
			<Target title="all">
				<Option working_dir="/home/payoux/Desktop/myfiles/Programmation/cpp/Projet/partie5/build-src-Desktop-Default"/>
				<Option type="4"/>
				<MakeCommands>
					<Build command="/usr/bin/make -j2 -f &quot;/home/payoux/Desktop/myfiles/Programmation/cpp/Projet/partie5/build-src-Desktop-Default/Makefile&quot;  VERBOSE=1 all"/>
					<CompileFile command="/usr/bin/make -j2 -f &quot;/home/payoux/Desktop/myfiles/Programmation/cpp/Projet/partie5/build-src-Desktop-Default/Makefile&quot;  VERBOSE=1 &quot;$file&quot;"/>
					<Clean command="/usr/bin/make -j2 -f &quot;/home/payoux/Desktop/myfiles/Programmation/cpp/Projet/partie5/build-src-Desktop-Default/Makefile&quot;  VERBOSE=1 clean"/>
					<DistClean command="/usr/bin/make -j2 -f &quot;/home/payoux/Desktop/myfiles/Programmation/cpp/Projet/partie5/build-src-Desktop-Default/Makefile&quot;  VERBOSE=1 clean"/>
				</MakeCommands>
			</Target>
			<Target title="rebuild_cache">
				<Option working_dir="/home/payoux/Desktop/myfiles/Programmation/cpp/Projet/partie5/build-src-Desktop-Default"/>
				<Option type="4"/>
				<MakeCommands>
					<Build command="/usr/bin/make -j2 -f &quot;/home/payoux/Desktop/myfiles/Programmation/cpp/Projet/partie5/build-src-Desktop-Default/Makefile&quot;  VERBOSE=1 rebuild_cache"/>
					<CompileFile command="/usr/bin/make -j2 -f &quot;/home/payoux/Desktop/myfiles/Programmation/cpp/Projet/partie5/build-src-Desktop-Default/Makefile&quot;  VERBOSE=1 &quot;$file&quot;"/>
					<Clean command="/usr/bin/make -j2 -f &quot;/home/payoux/Desktop/myfiles/Programmation/cpp/Projet/partie5/build-src-Desktop-Default/Makefile&quot;  VERBOSE=1 clean"/>
					<DistClean command="/usr/bin/make -j2 -f &quot;/home/payoux/Desktop/myfiles/Programmation/cpp/Projet/partie5/build-src-Desktop-Default/Makefile&quot;  VERBOSE=1 clean"/>
				</MakeCommands>
			</Target>
			<Target title="edit_cache">
				<Option working_dir="/home/payoux/Desktop/myfiles/Programmation/cpp/Projet/partie5/build-src-Desktop-Default"/>
				<Option type="4"/>
				<MakeCommands>
					<Build command="/usr/bin/make -j2 -f &quot;/home/payoux/Desktop/myfiles/Programmation/cpp/Projet/partie5/build-src-Desktop-Default/Makefile&quot;  VERBOSE=1 edit_cache"/>
					<CompileFile command="/usr/bin/make -j2 -f &quot;/home/payoux/Desktop/myfiles/Programmation/cpp/Projet/partie5/build-src-Desktop-Default/Makefile&quot;  VERBOSE=1 &quot;$file&quot;"/>
					<Clean command="/usr/bin/make -j2 -f &quot;/home/payoux/Desktop/myfiles/Programmation/cpp/Projet/partie5/build-src-Desktop-Default/Makefile&quot;  VERBOSE=1 clean"/>
					<DistClean command="/usr/bin/make -j2 -f &quot;/home/payoux/Desktop/myfiles/Programmation/cpp/Projet/partie5/build-src-Desktop-Default/Makefile&quot;  VERBOSE=1 clean"/>
				</MakeCommands>
			</Target>
			<Target title="twitchingTest">
				<Option output="/home/payoux/Desktop/myfiles/Programmation/cpp/Projet/partie5/build-src-Desktop-Default/twitchingTest" prefix_auto="0" extension_auto="0"/>
				<Option working_dir="/home/payoux/Desktop/myfiles/Programmation/cpp/Projet/partie5/build-src-Desktop-Default"/>
				<Option object_output="./"/>
				<Option type="1"/>
				<Option compiler="gcc"/>
				<Compiler>
					<Add directory="/home/payoux/Desktop/myfiles/Programmation/cpp/Projet/partie5/src"/>
					<Add directory="/home/payoux/Desktop/myfiles/Programmation/cpp/Projet/partie5/src/../extlib/Catch/include"/>
					<Add directory="/home/payoux/Desktop/myfiles/Programmation/cpp/Projet/partie5/src/Tests"/>
					<Add directory="/usr/local/include"/>
					<Add directory="/usr/include/c++/7"/>
					<Add directory="/usr/include/x86_64-linux-gnu/c++/7"/>
					<Add directory="/usr/include/c++/7/backward"/>
					<Add directory="/usr/lib/gcc/x86_64-linux-gnu/7/include"/>
					<Add directory="/usr/lib/gcc/x86_64-linux-gnu/7/include-fixed"/>
					<Add directory="/usr/include/x86_64-linux-gnu"/>
					<Add directory="/usr/include"/>
				</Compiler>
				<MakeCommands>
					<Build command="/usr/bin/make -j2 -f &quot;/home/payoux/Desktop/myfiles/Programmation/cpp/Projet/partie5/build-src-Desktop-Default/Makefile&quot;  VERBOSE=1 twitchingTest"/>
					<CompileFile command="/usr/bin/make -j2 -f &quot;/home/payoux/Desktop/myfiles/Programmation/cpp/Projet/partie5/build-src-Desktop-Default/Makefile&quot;  VERBOSE=1 &quot;$file&quot;"/>
					<Clean command="/usr/bin/make -j2 -f &quot;/home/payoux/Desktop/myfiles/Programmation/cpp/Projet/partie5/build-src-Desktop-Default/Makefile&quot;  VERBOSE=1 clean"/>
					<DistClean command="/usr/bin/make -j2 -f &quot;/home/payoux/Desktop/myfiles/Programmation/cpp/Projet/partie5/build-src-Desktop-Default/Makefile&quot;  VERBOSE=1 clean"/>
				</MakeCommands>
			</Target>
			<Target title="twitchingTest/fast">
				<Option output="/home/payoux/Desktop/myfiles/Programmation/cpp/Projet/partie5/build-src-Desktop-Default/twitchingTest" prefix_auto="0" extension_auto="0"/>
				<Option working_dir="/home/payoux/Desktop/myfiles/Programmation/cpp/Projet/partie5/build-src-Desktop-Default"/>
				<Option object_output="./"/>
				<Option type="1"/>
				<Option compiler="gcc"/>
				<Compiler>
					<Add directory="/home/payoux/Desktop/myfiles/Programmation/cpp/Projet/partie5/src"/>
					<Add directory="/home/payoux/Desktop/myfiles/Programmation/cpp/Projet/partie5/src/../extlib/Catch/include"/>
					<Add directory="/home/payoux/Desktop/myfiles/Programmation/cpp/Projet/partie5/src/Tests"/>
					<Add directory="/usr/local/include"/>
					<Add directory="/usr/include/c++/7"/>
					<Add directory="/usr/include/x86_64-linux-gnu/c++/7"/>
					<Add directory="/usr/include/c++/7/backward"/>
					<Add directory="/usr/lib/gcc/x86_64-linux-gnu/7/include"/>
					<Add directory="/usr/lib/gcc/x86_64-linux-gnu/7/include-fixed"/>
					<Add directory="/usr/include/x86_64-linux-gnu"/>
					<Add directory="/usr/include"/>
				</Compiler>
				<MakeCommands>
					<Build command="/usr/bin/make -j2 -f &quot;/home/payoux/Desktop/myfiles/Programmation/cpp/Projet/partie5/build-src-Desktop-Default/Makefile&quot;  VERBOSE=1 twitchingTest/fast"/>
					<CompileFile command="/usr/bin/make -j2 -f &quot;/home/payoux/Desktop/myfiles/Programmation/cpp/Projet/partie5/build-src-Desktop-Default/Makefile&quot;  VERBOSE=1 &quot;$file&quot;"/>
					<Clean command="/usr/bin/make -j2 -f &quot;/home/payoux/Desktop/myfiles/Programmation/cpp/Projet/partie5/build-src-Desktop-Default/Makefile&quot;  VERBOSE=1 clean"/>
					<DistClean command="/usr/bin/make -j2 -f &quot;/home/payoux/Desktop/myfiles/Programmation/cpp/Projet/partie5/build-src-Desktop-Default/Makefile&quot;  VERBOSE=1 clean"/>
				</MakeCommands>
			</Target>
			<Target title="application-run">
				<Option working_dir="/home/payoux/Desktop/myfiles/Programmation/cpp/Projet/partie5/build-src-Desktop-Default"/>
				<Option type="4"/>
				<MakeCommands>
					<Build command="/usr/bin/make -j2 -f &quot;/home/payoux/Desktop/myfiles/Programmation/cpp/Projet/partie5/build-src-Desktop-Default/Makefile&quot;  VERBOSE=1 application-run"/>
					<CompileFile command="/usr/bin/make -j2 -f &quot;/home/payoux/Desktop/myfiles/Programmation/cpp/Projet/partie5/build-src-Desktop-Default/Makefile&quot;  VERBOSE=1 &quot;$file&quot;"/>
					<Clean command="/usr/bin/make -j2 -f &quot;/home/payoux/Desktop/myfiles/Programmation/cpp/Projet/partie5/build-src-Desktop-Default/Makefile&quot;  VERBOSE=1 clean"/>
					<DistClean command="/usr/bin/make -j2 -f &quot;/home/payoux/Desktop/myfiles/Programmation/cpp/Projet/partie5/build-src-Desktop-Default/Makefile&quot;  VERBOSE=1 clean"/>
				</MakeCommands>
			</Target>
			<Target title="simpleBactTest">
				<Option output="/home/payoux/Desktop/myfiles/Programmation/cpp/Projet/partie5/build-src-Desktop-Default/simpleBactTest" prefix_auto="0" extension_auto="0"/>
				<Option working_dir="/home/payoux/Desktop/myfiles/Programmation/cpp/Projet/partie5/build-src-Desktop-Default"/>
				<Option object_output="./"/>
				<Option type="1"/>
				<Option compiler="gcc"/>
				<Compiler>
					<Add directory="/home/payoux/Desktop/myfiles/Programmation/cpp/Projet/partie5/src"/>
					<Add directory="/home/payoux/Desktop/myfiles/Programmation/cpp/Projet/partie5/src/../extlib/Catch/include"/>
					<Add directory="/home/payoux/Desktop/myfiles/Programmation/cpp/Projet/partie5/src/Tests"/>
					<Add directory="/usr/local/include"/>
					<Add directory="/usr/include/c++/7"/>
					<Add directory="/usr/include/x86_64-linux-gnu/c++/7"/>
					<Add directory="/usr/include/c++/7/backward"/>
					<Add directory="/usr/lib/gcc/x86_64-linux-gnu/7/include"/>
					<Add directory="/usr/lib/gcc/x86_64-linux-gnu/7/include-fixed"/>
					<Add directory="/usr/include/x86_64-linux-gnu"/>
					<Add directory="/usr/include"/>
				</Compiler>
				<MakeCommands>
					<Build command="/usr/bin/make -j2 -f &quot;/home/payoux/Desktop/myfiles/Programmation/cpp/Projet/partie5/build-src-Desktop-Default/Makefile&quot;  VERBOSE=1 simpleBactTest"/>
					<CompileFile command="/usr/bin/make -j2 -f &quot;/home/payoux/Desktop/myfiles/Programmation/cpp/Projet/partie5/build-src-Desktop-Default/Makefile&quot;  VERBOSE=1 &quot;$file&quot;"/>
					<Clean command="/usr/bin/make -j2 -f &quot;/home/payoux/Desktop/myfiles/Programmation/cpp/Projet/partie5/build-src-Desktop-Default/Makefile&quot;  VERBOSE=1 clean"/>
					<DistClean command="/usr/bin/make -j2 -f &quot;/home/payoux/Desktop/myfiles/Programmation/cpp/Projet/partie5/build-src-Desktop-Default/Makefile&quot;  VERBOSE=1 clean"/>
				</MakeCommands>
			</Target>
			<Target title="simpleBactTest/fast">
				<Option output="/home/payoux/Desktop/myfiles/Programmation/cpp/Projet/partie5/build-src-Desktop-Default/simpleBactTest" prefix_auto="0" extension_auto="0"/>
				<Option working_dir="/home/payoux/Desktop/myfiles/Programmation/cpp/Projet/partie5/build-src-Desktop-Default"/>
				<Option object_output="./"/>
				<Option type="1"/>
				<Option compiler="gcc"/>
				<Compiler>
					<Add directory="/home/payoux/Desktop/myfiles/Programmation/cpp/Projet/partie5/src"/>
					<Add directory="/home/payoux/Desktop/myfiles/Programmation/cpp/Projet/partie5/src/../extlib/Catch/include"/>
					<Add directory="/home/payoux/Desktop/myfiles/Programmation/cpp/Projet/partie5/src/Tests"/>
					<Add directory="/usr/local/include"/>
					<Add directory="/usr/include/c++/7"/>
					<Add directory="/usr/include/x86_64-linux-gnu/c++/7"/>
					<Add directory="/usr/include/c++/7/backward"/>
					<Add directory="/usr/lib/gcc/x86_64-linux-gnu/7/include"/>
					<Add directory="/usr/lib/gcc/x86_64-linux-gnu/7/include-fixed"/>
					<Add directory="/usr/include/x86_64-linux-gnu"/>
					<Add directory="/usr/include"/>
				</Compiler>
				<MakeCommands>
					<Build command="/usr/bin/make -j2 -f &quot;/home/payoux/Desktop/myfiles/Programmation/cpp/Projet/partie5/build-src-Desktop-Default/Makefile&quot;  VERBOSE=1 simpleBactTest/fast"/>
					<CompileFile command="/usr/bin/make -j2 -f &quot;/home/payoux/Desktop/myfiles/Programmation/cpp/Projet/partie5/build-src-Desktop-Default/Makefile&quot;  VERBOSE=1 &quot;$file&quot;"/>
					<Clean command="/usr/bin/make -j2 -f &quot;/home/payoux/Desktop/myfiles/Programmation/cpp/Projet/partie5/build-src-Desktop-Default/Makefile&quot;  VERBOSE=1 clean"/>
					<DistClean command="/usr/bin/make -j2 -f &quot;/home/payoux/Desktop/myfiles/Programmation/cpp/Projet/partie5/build-src-Desktop-Default/Makefile&quot;  VERBOSE=1 clean"/>
				</MakeCommands>
			</Target>
			<Target title="application">
				<Option output="/home/payoux/Desktop/myfiles/Programmation/cpp/Projet/partie5/build-src-Desktop-Default/application" prefix_auto="0" extension_auto="0"/>
				<Option working_dir="/home/payoux/Desktop/myfiles/Programmation/cpp/Projet/partie5/build-src-Desktop-Default"/>
				<Option object_output="./"/>
				<Option type="1"/>
				<Option compiler="gcc"/>
				<Compiler>
					<Add directory="/home/payoux/Desktop/myfiles/Programmation/cpp/Projet/partie5/src"/>
					<Add directory="/home/payoux/Desktop/myfiles/Programmation/cpp/Projet/partie5/src/../extlib/Catch/include"/>
					<Add directory="/home/payoux/Desktop/myfiles/Programmation/cpp/Projet/partie5/src/Tests"/>
					<Add directory="/usr/local/include"/>
					<Add directory="/usr/include/c++/7"/>
					<Add directory="/usr/include/x86_64-linux-gnu/c++/7"/>
					<Add directory="/usr/include/c++/7/backward"/>
					<Add directory="/usr/lib/gcc/x86_64-linux-gnu/7/include"/>
					<Add directory="/usr/lib/gcc/x86_64-linux-gnu/7/include-fixed"/>
					<Add directory="/usr/include/x86_64-linux-gnu"/>
					<Add directory="/usr/include"/>
				</Compiler>
				<MakeCommands>
					<Build command="/usr/bin/make -j2 -f &quot;/home/payoux/Desktop/myfiles/Programmation/cpp/Projet/partie5/build-src-Desktop-Default/Makefile&quot;  VERBOSE=1 application"/>
					<CompileFile command="/usr/bin/make -j2 -f &quot;/home/payoux/Desktop/myfiles/Programmation/cpp/Projet/partie5/build-src-Desktop-Default/Makefile&quot;  VERBOSE=1 &quot;$file&quot;"/>
					<Clean command="/usr/bin/make -j2 -f &quot;/home/payoux/Desktop/myfiles/Programmation/cpp/Projet/partie5/build-src-Desktop-Default/Makefile&quot;  VERBOSE=1 clean"/>
					<DistClean command="/usr/bin/make -j2 -f &quot;/home/payoux/Desktop/myfiles/Programmation/cpp/Projet/partie5/build-src-Desktop-Default/Makefile&quot;  VERBOSE=1 clean"/>
				</MakeCommands>
			</Target>
			<Target title="application/fast">
				<Option output="/home/payoux/Desktop/myfiles/Programmation/cpp/Projet/partie5/build-src-Desktop-Default/application" prefix_auto="0" extension_auto="0"/>
				<Option working_dir="/home/payoux/Desktop/myfiles/Programmation/cpp/Projet/partie5/build-src-Desktop-Default"/>
				<Option object_output="./"/>
				<Option type="1"/>
				<Option compiler="gcc"/>
				<Compiler>
					<Add directory="/home/payoux/Desktop/myfiles/Programmation/cpp/Projet/partie5/src"/>
					<Add directory="/home/payoux/Desktop/myfiles/Programmation/cpp/Projet/partie5/src/../extlib/Catch/include"/>
					<Add directory="/home/payoux/Desktop/myfiles/Programmation/cpp/Projet/partie5/src/Tests"/>
					<Add directory="/usr/local/include"/>
					<Add directory="/usr/include/c++/7"/>
					<Add directory="/usr/include/x86_64-linux-gnu/c++/7"/>
					<Add directory="/usr/include/c++/7/backward"/>
					<Add directory="/usr/lib/gcc/x86_64-linux-gnu/7/include"/>
					<Add directory="/usr/lib/gcc/x86_64-linux-gnu/7/include-fixed"/>
					<Add directory="/usr/include/x86_64-linux-gnu"/>
					<Add directory="/usr/include"/>
				</Compiler>
				<MakeCommands>
					<Build command="/usr/bin/make -j2 -f &quot;/home/payoux/Desktop/myfiles/Programmation/cpp/Projet/partie5/build-src-Desktop-Default/Makefile&quot;  VERBOSE=1 application/fast"/>
					<CompileFile command="/usr/bin/make -j2 -f &quot;/home/payoux/Desktop/myfiles/Programmation/cpp/Projet/partie5/build-src-Desktop-Default/Makefile&quot;  VERBOSE=1 &quot;$file&quot;"/>
					<Clean command="/usr/bin/make -j2 -f &quot;/home/payoux/Desktop/myfiles/Programmation/cpp/Projet/partie5/build-src-Desktop-Default/Makefile&quot;  VERBOSE=1 clean"/>
					<DistClean command="/usr/bin/make -j2 -f &quot;/home/payoux/Desktop/myfiles/Programmation/cpp/Projet/partie5/build-src-Desktop-Default/Makefile&quot;  VERBOSE=1 clean"/>
				</MakeCommands>
			</Target>
			<Target title="swarmTest">
				<Option output="/home/payoux/Desktop/myfiles/Programmation/cpp/Projet/partie5/build-src-Desktop-Default/swarmTest" prefix_auto="0" extension_auto="0"/>
				<Option working_dir="/home/payoux/Desktop/myfiles/Programmation/cpp/Projet/partie5/build-src-Desktop-Default"/>
				<Option object_output="./"/>
				<Option type="1"/>
				<Option compiler="gcc"/>
				<Compiler>
					<Add directory="/home/payoux/Desktop/myfiles/Programmation/cpp/Projet/partie5/src"/>
					<Add directory="/home/payoux/Desktop/myfiles/Programmation/cpp/Projet/partie5/src/../extlib/Catch/include"/>
					<Add directory="/home/payoux/Desktop/myfiles/Programmation/cpp/Projet/partie5/src/Tests"/>
					<Add directory="/usr/local/include"/>
					<Add directory="/usr/include/c++/7"/>
					<Add directory="/usr/include/x86_64-linux-gnu/c++/7"/>
					<Add directory="/usr/include/c++/7/backward"/>
					<Add directory="/usr/lib/gcc/x86_64-linux-gnu/7/include"/>
					<Add directory="/usr/lib/gcc/x86_64-linux-gnu/7/include-fixed"/>
					<Add directory="/usr/include/x86_64-linux-gnu"/>
					<Add directory="/usr/include"/>
				</Compiler>
				<MakeCommands>
					<Build command="/usr/bin/make -j2 -f &quot;/home/payoux/Desktop/myfiles/Programmation/cpp/Projet/partie5/build-src-Desktop-Default/Makefile&quot;  VERBOSE=1 swarmTest"/>
					<CompileFile command="/usr/bin/make -j2 -f &quot;/home/payoux/Desktop/myfiles/Programmation/cpp/Projet/partie5/build-src-Desktop-Default/Makefile&quot;  VERBOSE=1 &quot;$file&quot;"/>
					<Clean command="/usr/bin/make -j2 -f &quot;/home/payoux/Desktop/myfiles/Programmation/cpp/Projet/partie5/build-src-Desktop-Default/Makefile&quot;  VERBOSE=1 clean"/>
					<DistClean command="/usr/bin/make -j2 -f &quot;/home/payoux/Desktop/myfiles/Programmation/cpp/Projet/partie5/build-src-Desktop-Default/Makefile&quot;  VERBOSE=1 clean"/>
				</MakeCommands>
			</Target>
			<Target title="swarmTest/fast">
				<Option output="/home/payoux/Desktop/myfiles/Programmation/cpp/Projet/partie5/build-src-Desktop-Default/swarmTest" prefix_auto="0" extension_auto="0"/>
				<Option working_dir="/home/payoux/Desktop/myfiles/Programmation/cpp/Projet/partie5/build-src-Desktop-Default"/>
				<Option object_output="./"/>
				<Option type="1"/>
				<Option compiler="gcc"/>
				<Compiler>
					<Add directory="/home/payoux/Desktop/myfiles/Programmation/cpp/Projet/partie5/src"/>
					<Add directory="/home/payoux/Desktop/myfiles/Programmation/cpp/Projet/partie5/src/../extlib/Catch/include"/>
					<Add directory="/home/payoux/Desktop/myfiles/Programmation/cpp/Projet/partie5/src/Tests"/>
					<Add directory="/usr/local/include"/>
					<Add directory="/usr/include/c++/7"/>
					<Add directory="/usr/include/x86_64-linux-gnu/c++/7"/>
					<Add directory="/usr/include/c++/7/backward"/>
					<Add directory="/usr/lib/gcc/x86_64-linux-gnu/7/include"/>
					<Add directory="/usr/lib/gcc/x86_64-linux-gnu/7/include-fixed"/>
					<Add directory="/usr/include/x86_64-linux-gnu"/>
					<Add directory="/usr/include"/>
				</Compiler>
				<MakeCommands>
					<Build command="/usr/bin/make -j2 -f &quot;/home/payoux/Desktop/myfiles/Programmation/cpp/Projet/partie5/build-src-Desktop-Default/Makefile&quot;  VERBOSE=1 swarmTest/fast"/>
					<CompileFile command="/usr/bin/make -j2 -f &quot;/home/payoux/Desktop/myfiles/Programmation/cpp/Projet/partie5/build-src-Desktop-Default/Makefile&quot;  VERBOSE=1 &quot;$file&quot;"/>
					<Clean command="/usr/bin/make -j2 -f &quot;/home/payoux/Desktop/myfiles/Programmation/cpp/Projet/partie5/build-src-Desktop-Default/Makefile&quot;  VERBOSE=1 clean"/>
					<DistClean command="/usr/bin/make -j2 -f &quot;/home/payoux/Desktop/myfiles/Programmation/cpp/Projet/partie5/build-src-Desktop-Default/Makefile&quot;  VERBOSE=1 clean"/>
				</MakeCommands>
			</Target>
			<Target title="nutrimentTest">
				<Option output="/home/payoux/Desktop/myfiles/Programmation/cpp/Projet/partie5/build-src-Desktop-Default/nutrimentTest" prefix_auto="0" extension_auto="0"/>
				<Option working_dir="/home/payoux/Desktop/myfiles/Programmation/cpp/Projet/partie5/build-src-Desktop-Default"/>
				<Option object_output="./"/>
				<Option type="1"/>
				<Option compiler="gcc"/>
				<Compiler>
					<Add directory="/home/payoux/Desktop/myfiles/Programmation/cpp/Projet/partie5/src"/>
					<Add directory="/home/payoux/Desktop/myfiles/Programmation/cpp/Projet/partie5/src/../extlib/Catch/include"/>
					<Add directory="/home/payoux/Desktop/myfiles/Programmation/cpp/Projet/partie5/src/Tests"/>
					<Add directory="/usr/local/include"/>
					<Add directory="/usr/include/c++/7"/>
					<Add directory="/usr/include/x86_64-linux-gnu/c++/7"/>
					<Add directory="/usr/include/c++/7/backward"/>
					<Add directory="/usr/lib/gcc/x86_64-linux-gnu/7/include"/>
					<Add directory="/usr/lib/gcc/x86_64-linux-gnu/7/include-fixed"/>
					<Add directory="/usr/include/x86_64-linux-gnu"/>
					<Add directory="/usr/include"/>
				</Compiler>
				<MakeCommands>
					<Build command="/usr/bin/make -j2 -f &quot;/home/payoux/Desktop/myfiles/Programmation/cpp/Projet/partie5/build-src-Desktop-Default/Makefile&quot;  VERBOSE=1 nutrimentTest"/>
					<CompileFile command="/usr/bin/make -j2 -f &quot;/home/payoux/Desktop/myfiles/Programmation/cpp/Projet/partie5/build-src-Desktop-Default/Makefile&quot;  VERBOSE=1 &quot;$file&quot;"/>
					<Clean command="/usr/bin/make -j2 -f &quot;/home/payoux/Desktop/myfiles/Programmation/cpp/Projet/partie5/build-src-Desktop-Default/Makefile&quot;  VERBOSE=1 clean"/>
					<DistClean command="/usr/bin/make -j2 -f &quot;/home/payoux/Desktop/myfiles/Programmation/cpp/Projet/partie5/build-src-Desktop-Default/Makefile&quot;  VERBOSE=1 clean"/>
				</MakeCommands>
			</Target>
			<Target title="nutrimentTest/fast">
				<Option output="/home/payoux/Desktop/myfiles/Programmation/cpp/Projet/partie5/build-src-Desktop-Default/nutrimentTest" prefix_auto="0" extension_auto="0"/>
				<Option working_dir="/home/payoux/Desktop/myfiles/Programmation/cpp/Projet/partie5/build-src-Desktop-Default"/>
				<Option object_output="./"/>
				<Option type="1"/>
				<Option compiler="gcc"/>
				<Compiler>
					<Add directory="/home/payoux/Desktop/myfiles/Programmation/cpp/Projet/partie5/src"/>
					<Add directory="/home/payoux/Desktop/myfiles/Programmation/cpp/Projet/partie5/src/../extlib/Catch/include"/>
					<Add directory="/home/payoux/Desktop/myfiles/Programmation/cpp/Projet/partie5/src/Tests"/>
					<Add directory="/usr/local/include"/>
					<Add directory="/usr/include/c++/7"/>
					<Add directory="/usr/include/x86_64-linux-gnu/c++/7"/>
					<Add directory="/usr/include/c++/7/backward"/>
					<Add directory="/usr/lib/gcc/x86_64-linux-gnu/7/include"/>
					<Add directory="/usr/lib/gcc/x86_64-linux-gnu/7/include-fixed"/>
					<Add directory="/usr/include/x86_64-linux-gnu"/>
					<Add directory="/usr/include"/>
				</Compiler>
				<MakeCommands>
					<Build command="/usr/bin/make -j2 -f &quot;/home/payoux/Desktop/myfiles/Programmation/cpp/Projet/partie5/build-src-Desktop-Default/Makefile&quot;  VERBOSE=1 nutrimentTest/fast"/>
					<CompileFile command="/usr/bin/make -j2 -f &quot;/home/payoux/Desktop/myfiles/Programmation/cpp/Projet/partie5/build-src-Desktop-Default/Makefile&quot;  VERBOSE=1 &quot;$file&quot;"/>
					<Clean command="/usr/bin/make -j2 -f &quot;/home/payoux/Desktop/myfiles/Programmation/cpp/Projet/partie5/build-src-Desktop-Default/Makefile&quot;  VERBOSE=1 clean"/>
					<DistClean command="/usr/bin/make -j2 -f &quot;/home/payoux/Desktop/myfiles/Programmation/cpp/Projet/partie5/build-src-Desktop-Default/Makefile&quot;  VERBOSE=1 clean"/>
				</MakeCommands>
			</Target>
		</Build>
		<Unit filename="/home/payoux/Desktop/myfiles/Programmation/cpp/Projet/partie5/src/Application.cpp">
			<Option target="twitchingTest"/>
			<Option target="simpleBactTest"/>
			<Option target="application"/>
			<Option target="swarmTest"/>
			<Option target="nutrimentTest"/>
		</Unit>
		<Unit filename="/home/payoux/Desktop/myfiles/Programmation/cpp/Projet/partie5/src/Application.hpp">
			<Option target="twitchingTest"/>
			<Option target="simpleBactTest"/>
			<Option target="application"/>
			<Option target="swarmTest"/>
			<Option target="nutrimentTest"/>
		</Unit>
		<Unit filename="/home/payoux/Desktop/myfiles/Programmation/cpp/Projet/partie5/src/Config.cpp">
			<Option target="twitchingTest"/>
			<Option target="simpleBactTest"/>
			<Option target="application"/>
			<Option target="swarmTest"/>
			<Option target="nutrimentTest"/>
		</Unit>
		<Unit filename="/home/payoux/Desktop/myfiles/Programmation/cpp/Projet/partie5/src/Config.hpp">
			<Option target="twitchingTest"/>
			<Option target="simpleBactTest"/>
			<Option target="application"/>
			<Option target="swarmTest"/>
			<Option target="nutrimentTest"/>
		</Unit>
		<Unit filename="/home/payoux/Desktop/myfiles/Programmation/cpp/Projet/partie5/src/Interface/Drawable.hpp">
			<Option target="twitchingTest"/>
			<Option target="simpleBactTest"/>
			<Option target="application"/>
			<Option target="swarmTest"/>
			<Option target="nutrimentTest"/>
		</Unit>
		<Unit filename="/home/payoux/Desktop/myfiles/Programmation/cpp/Projet/partie5/src/Interface/Updatable.hpp">
			<Option target="twitchingTest"/>
			<Option target="simpleBactTest"/>
			<Option target="application"/>
			<Option target="swarmTest"/>
			<Option target="nutrimentTest"/>
		</Unit>
		<Unit filename="/home/payoux/Desktop/myfiles/Programmation/cpp/Projet/partie5/src/JSON/JSON.cpp">
			<Option target="twitchingTest"/>
			<Option target="simpleBactTest"/>
			<Option target="application"/>
			<Option target="swarmTest"/>
			<Option target="nutrimentTest"/>
		</Unit>
		<Unit filename="/home/payoux/Desktop/myfiles/Programmation/cpp/Projet/partie5/src/JSON/JSON.hpp">
			<Option target="twitchingTest"/>
			<Option target="simpleBactTest"/>
			<Option target="application"/>
			<Option target="swarmTest"/>
			<Option target="nutrimentTest"/>
		</Unit>
		<Unit filename="/home/payoux/Desktop/myfiles/Programmation/cpp/Projet/partie5/src/JSON/JSONImpl.cpp">
			<Option target="twitchingTest"/>
			<Option target="simpleBactTest"/>
			<Option target="application"/>
			<Option target="swarmTest"/>
			<Option target="nutrimentTest"/>
		</Unit>
		<Unit filename="/home/payoux/Desktop/myfiles/Programmation/cpp/Projet/partie5/src/JSON/JSONImpl.hpp">
			<Option target="twitchingTest"/>
			<Option target="simpleBactTest"/>
			<Option target="application"/>
			<Option target="swarmTest"/>
			<Option target="nutrimentTest"/>
		</Unit>
		<Unit filename="/home/payoux/Desktop/myfiles/Programmation/cpp/Projet/partie5/src/JSON/JSONSerialiser.cpp">
			<Option target="twitchingTest"/>
			<Option target="simpleBactTest"/>
			<Option target="application"/>
			<Option target="swarmTest"/>
			<Option target="nutrimentTest"/>
		</Unit>
		<Unit filename="/home/payoux/Desktop/myfiles/Programmation/cpp/Projet/partie5/src/JSON/JSONSerialiser.hpp">
			<Option target="twitchingTest"/>
			<Option target="simpleBactTest"/>
			<Option target="application"/>
			<Option target="swarmTest"/>
			<Option target="nutrimentTest"/>
		</Unit>
		<Unit filename="/home/payoux/Desktop/myfiles/Programmation/cpp/Projet/partie5/src/Lab/Bacterium.cpp">
			<Option target="twitchingTest"/>
			<Option target="simpleBactTest"/>
			<Option target="application"/>
			<Option target="swarmTest"/>
			<Option target="nutrimentTest"/>
		</Unit>
		<Unit filename="/home/payoux/Desktop/myfiles/Programmation/cpp/Projet/partie5/src/Lab/Bacterium.hpp">
			<Option target="twitchingTest"/>
			<Option target="simpleBactTest"/>
			<Option target="application"/>
			<Option target="swarmTest"/>
			<Option target="nutrimentTest"/>
		</Unit>
		<Unit filename="/home/payoux/Desktop/myfiles/Programmation/cpp/Projet/partie5/src/Lab/CircularBody.cpp">
			<Option target="twitchingTest"/>
			<Option target="simpleBactTest"/>
			<Option target="application"/>
			<Option target="swarmTest"/>
			<Option target="nutrimentTest"/>
		</Unit>
		<Unit filename="/home/payoux/Desktop/myfiles/Programmation/cpp/Projet/partie5/src/Lab/CircularBody.hpp">
			<Option target="twitchingTest"/>
			<Option target="simpleBactTest"/>
			<Option target="application"/>
			<Option target="swarmTest"/>
			<Option target="nutrimentTest"/>
		</Unit>
		<Unit filename="/home/payoux/Desktop/myfiles/Programmation/cpp/Projet/partie5/src/Lab/Grip.cpp">
			<Option target="twitchingTest"/>
			<Option target="simpleBactTest"/>
			<Option target="application"/>
			<Option target="swarmTest"/>
			<Option target="nutrimentTest"/>
		</Unit>
		<Unit filename="/home/payoux/Desktop/myfiles/Programmation/cpp/Projet/partie5/src/Lab/Grip.hpp">
			<Option target="twitchingTest"/>
			<Option target="simpleBactTest"/>
			<Option target="application"/>
			<Option target="swarmTest"/>
			<Option target="nutrimentTest"/>
		</Unit>
		<Unit filename="/home/payoux/Desktop/myfiles/Programmation/cpp/Projet/partie5/src/Lab/Lab.cpp">
			<Option target="twitchingTest"/>
			<Option target="simpleBactTest"/>
			<Option target="application"/>
			<Option target="swarmTest"/>
			<Option target="nutrimentTest"/>
		</Unit>
		<Unit filename="/home/payoux/Desktop/myfiles/Programmation/cpp/Projet/partie5/src/Lab/Lab.hpp">
			<Option target="twitchingTest"/>
			<Option target="simpleBactTest"/>
			<Option target="application"/>
			<Option target="swarmTest"/>
			<Option target="nutrimentTest"/>
		</Unit>
		<Unit filename="/home/payoux/Desktop/myfiles/Programmation/cpp/Projet/partie5/src/Lab/Nutriment.cpp">
			<Option target="twitchingTest"/>
			<Option target="simpleBactTest"/>
			<Option target="application"/>
			<Option target="swarmTest"/>
			<Option target="nutrimentTest"/>
		</Unit>
		<Unit filename="/home/payoux/Desktop/myfiles/Programmation/cpp/Projet/partie5/src/Lab/Nutriment.hpp">
			<Option target="twitchingTest"/>
			<Option target="simpleBactTest"/>
			<Option target="application"/>
			<Option target="swarmTest"/>
			<Option target="nutrimentTest"/>
		</Unit>
		<Unit filename="/home/payoux/Desktop/myfiles/Programmation/cpp/Projet/partie5/src/Lab/NutrimentA.cpp">
			<Option target="twitchingTest"/>
			<Option target="simpleBactTest"/>
			<Option target="application"/>
			<Option target="swarmTest"/>
			<Option target="nutrimentTest"/>
		</Unit>
		<Unit filename="/home/payoux/Desktop/myfiles/Programmation/cpp/Projet/partie5/src/Lab/NutrimentA.hpp">
			<Option target="twitchingTest"/>
			<Option target="simpleBactTest"/>
			<Option target="application"/>
			<Option target="swarmTest"/>
			<Option target="nutrimentTest"/>
		</Unit>
		<Unit filename="/home/payoux/Desktop/myfiles/Programmation/cpp/Projet/partie5/src/Lab/NutrimentB.cpp">
			<Option target="twitchingTest"/>
			<Option target="simpleBactTest"/>
			<Option target="application"/>
			<Option target="swarmTest"/>
			<Option target="nutrimentTest"/>
		</Unit>
		<Unit filename="/home/payoux/Desktop/myfiles/Programmation/cpp/Projet/partie5/src/Lab/NutrimentB.hpp">
			<Option target="twitchingTest"/>
			<Option target="simpleBactTest"/>
			<Option target="application"/>
			<Option target="swarmTest"/>
			<Option target="nutrimentTest"/>
		</Unit>
		<Unit filename="/home/payoux/Desktop/myfiles/Programmation/cpp/Projet/partie5/src/Lab/NutrimentGenerator.cpp">
			<Option target="twitchingTest"/>
			<Option target="simpleBactTest"/>
			<Option target="application"/>
			<Option target="swarmTest"/>
			<Option target="nutrimentTest"/>
		</Unit>
		<Unit filename="/home/payoux/Desktop/myfiles/Programmation/cpp/Projet/partie5/src/Lab/NutrimentGenerator.hpp">
			<Option target="twitchingTest"/>
			<Option target="simpleBactTest"/>
			<Option target="application"/>
			<Option target="swarmTest"/>
			<Option target="nutrimentTest"/>
		</Unit>
		<Unit filename="/home/payoux/Desktop/myfiles/Programmation/cpp/Projet/partie5/src/Lab/PetriDish.cpp">
			<Option target="twitchingTest"/>
			<Option target="simpleBactTest"/>
			<Option target="application"/>
			<Option target="swarmTest"/>
			<Option target="nutrimentTest"/>
		</Unit>
		<Unit filename="/home/payoux/Desktop/myfiles/Programmation/cpp/Projet/partie5/src/Lab/PetriDish.hpp">
			<Option target="twitchingTest"/>
			<Option target="simpleBactTest"/>
			<Option target="application"/>
			<Option target="swarmTest"/>
			<Option target="nutrimentTest"/>
		</Unit>
		<Unit filename="/home/payoux/Desktop/myfiles/Programmation/cpp/Projet/partie5/src/Lab/SimpleBacterium.cpp">
			<Option target="twitchingTest"/>
			<Option target="simpleBactTest"/>
			<Option target="application"/>
			<Option target="swarmTest"/>
			<Option target="nutrimentTest"/>
		</Unit>
		<Unit filename="/home/payoux/Desktop/myfiles/Programmation/cpp/Projet/partie5/src/Lab/SimpleBacterium.hpp">
			<Option target="twitchingTest"/>
			<Option target="simpleBactTest"/>
			<Option target="application"/>
			<Option target="swarmTest"/>
			<Option target="nutrimentTest"/>
		</Unit>
		<Unit filename="/home/payoux/Desktop/myfiles/Programmation/cpp/Projet/partie5/src/Lab/Swarm.cpp">
			<Option target="twitchingTest"/>
			<Option target="simpleBactTest"/>
			<Option target="application"/>
			<Option target="swarmTest"/>
			<Option target="nutrimentTest"/>
		</Unit>
		<Unit filename="/home/payoux/Desktop/myfiles/Programmation/cpp/Projet/partie5/src/Lab/Swarm.hpp">
			<Option target="twitchingTest"/>
			<Option target="simpleBactTest"/>
			<Option target="application"/>
			<Option target="swarmTest"/>
			<Option target="nutrimentTest"/>
		</Unit>
		<Unit filename="/home/payoux/Desktop/myfiles/Programmation/cpp/Projet/partie5/src/Lab/SwarmBacterium.cpp">
			<Option target="twitchingTest"/>
			<Option target="simpleBactTest"/>
			<Option target="application"/>
			<Option target="swarmTest"/>
			<Option target="nutrimentTest"/>
		</Unit>
		<Unit filename="/home/payoux/Desktop/myfiles/Programmation/cpp/Projet/partie5/src/Lab/SwarmBacterium.hpp">
			<Option target="twitchingTest"/>
			<Option target="simpleBactTest"/>
			<Option target="application"/>
			<Option target="swarmTest"/>
			<Option target="nutrimentTest"/>
		</Unit>
		<Unit filename="/home/payoux/Desktop/myfiles/Programmation/cpp/Projet/partie5/src/Lab/TwitchingBacterium.cpp">
			<Option target="twitchingTest"/>
			<Option target="simpleBactTest"/>
			<Option target="application"/>
			<Option target="swarmTest"/>
			<Option target="nutrimentTest"/>
		</Unit>
		<Unit filename="/home/payoux/Desktop/myfiles/Programmation/cpp/Projet/partie5/src/Lab/TwitchingBacterium.hpp">
			<Option target="twitchingTest"/>
			<Option target="simpleBactTest"/>
			<Option target="application"/>
			<Option target="swarmTest"/>
			<Option target="nutrimentTest"/>
		</Unit>
		<Unit filename="/home/payoux/Desktop/myfiles/Programmation/cpp/Projet/partie5/src/Random/Random.cpp">
			<Option target="twitchingTest"/>
			<Option target="simpleBactTest"/>
			<Option target="application"/>
			<Option target="swarmTest"/>
			<Option target="nutrimentTest"/>
		</Unit>
		<Unit filename="/home/payoux/Desktop/myfiles/Programmation/cpp/Projet/partie5/src/Random/Random.hpp">
			<Option target="twitchingTest"/>
			<Option target="simpleBactTest"/>
			<Option target="application"/>
			<Option target="swarmTest"/>
			<Option target="nutrimentTest"/>
		</Unit>
		<Unit filename="/home/payoux/Desktop/myfiles/Programmation/cpp/Projet/partie5/src/Random/RandomGenerator.cpp">
			<Option target="twitchingTest"/>
			<Option target="simpleBactTest"/>
			<Option target="application"/>
			<Option target="swarmTest"/>
			<Option target="nutrimentTest"/>
		</Unit>
		<Unit filename="/home/payoux/Desktop/myfiles/Programmation/cpp/Projet/partie5/src/Random/RandomGenerator.hpp">
			<Option target="twitchingTest"/>
			<Option target="simpleBactTest"/>
			<Option target="application"/>
			<Option target="swarmTest"/>
			<Option target="nutrimentTest"/>
		</Unit>
		<Unit filename="/home/payoux/Desktop/myfiles/Programmation/cpp/Projet/partie5/src/Stats/Graph.cpp">
			<Option target="twitchingTest"/>
			<Option target="simpleBactTest"/>
			<Option target="application"/>
			<Option target="swarmTest"/>
			<Option target="nutrimentTest"/>
		</Unit>
		<Unit filename="/home/payoux/Desktop/myfiles/Programmation/cpp/Projet/partie5/src/Stats/Graph.hpp">
			<Option target="twitchingTest"/>
			<Option target="simpleBactTest"/>
			<Option target="application"/>
			<Option target="swarmTest"/>
			<Option target="nutrimentTest"/>
		</Unit>
		<Unit filename="/home/payoux/Desktop/myfiles/Programmation/cpp/Projet/partie5/src/Stats/Stats.cpp">
			<Option target="twitchingTest"/>
			<Option target="simpleBactTest"/>
			<Option target="application"/>
			<Option target="swarmTest"/>
			<Option target="nutrimentTest"/>
		</Unit>
		<Unit filename="/home/payoux/Desktop/myfiles/Programmation/cpp/Projet/partie5/src/Stats/Stats.hpp">
			<Option target="twitchingTest"/>
			<Option target="simpleBactTest"/>
			<Option target="application"/>
			<Option target="swarmTest"/>
			<Option target="nutrimentTest"/>
		</Unit>
		<Unit filename="/home/payoux/Desktop/myfiles/Programmation/cpp/Projet/partie5/src/Tests/GraphicalTests/FinalApplication.cpp">
			<Option target="application"/>
		</Unit>
		<Unit filename="/home/payoux/Desktop/myfiles/Programmation/cpp/Projet/partie5/src/Tests/GraphicalTests/FinalApplication.hpp">
			<Option target="application"/>
		</Unit>
		<Unit filename="/home/payoux/Desktop/myfiles/Programmation/cpp/Projet/partie5/src/Tests/GraphicalTests/NutrimentTest.cpp">
			<Option target="nutrimentTest"/>
		</Unit>
		<Unit filename="/home/payoux/Desktop/myfiles/Programmation/cpp/Projet/partie5/src/Tests/GraphicalTests/SimpleBacteriaTest.cpp">
			<Option target="simpleBactTest"/>
		</Unit>
		<Unit filename="/home/payoux/Desktop/myfiles/Programmation/cpp/Projet/partie5/src/Tests/GraphicalTests/SwarmBacteriaTest.cpp">
			<Option target="swarmTest"/>
		</Unit>
		<Unit filename="/home/payoux/Desktop/myfiles/Programmation/cpp/Projet/partie5/src/Tests/GraphicalTests/TwitchingBacteriaTest.cpp">
			<Option target="twitchingTest"/>
		</Unit>
		<Unit filename="/home/payoux/Desktop/myfiles/Programmation/cpp/Projet/partie5/src/Utility/Constants.hpp">
			<Option target="twitchingTest"/>
			<Option target="simpleBactTest"/>
			<Option target="application"/>
			<Option target="swarmTest"/>
			<Option target="nutrimentTest"/>
		</Unit>
		<Unit filename="/home/payoux/Desktop/myfiles/Programmation/cpp/Projet/partie5/src/Utility/DiffEqSolver.cpp">
			<Option target="twitchingTest"/>
			<Option target="simpleBactTest"/>
			<Option target="application"/>
			<Option target="swarmTest"/>
			<Option target="nutrimentTest"/>
		</Unit>
		<Unit filename="/home/payoux/Desktop/myfiles/Programmation/cpp/Projet/partie5/src/Utility/DiffEqSolver.hpp">
			<Option target="twitchingTest"/>
			<Option target="simpleBactTest"/>
			<Option target="application"/>
			<Option target="swarmTest"/>
			<Option target="nutrimentTest"/>
		</Unit>
		<Unit filename="/home/payoux/Desktop/myfiles/Programmation/cpp/Projet/partie5/src/Utility/MutableColor.cpp">
			<Option target="twitchingTest"/>
			<Option target="simpleBactTest"/>
			<Option target="application"/>
			<Option target="swarmTest"/>
			<Option target="nutrimentTest"/>
		</Unit>
		<Unit filename="/home/payoux/Desktop/myfiles/Programmation/cpp/Projet/partie5/src/Utility/MutableColor.hpp">
			<Option target="twitchingTest"/>
			<Option target="simpleBactTest"/>
			<Option target="application"/>
			<Option target="swarmTest"/>
			<Option target="nutrimentTest"/>
		</Unit>
		<Unit filename="/home/payoux/Desktop/myfiles/Programmation/cpp/Projet/partie5/src/Utility/MutableNumber.cpp">
			<Option target="twitchingTest"/>
			<Option target="simpleBactTest"/>
			<Option target="application"/>
			<Option target="swarmTest"/>
			<Option target="nutrimentTest"/>
		</Unit>
		<Unit filename="/home/payoux/Desktop/myfiles/Programmation/cpp/Projet/partie5/src/Utility/MutableNumber.hpp">
			<Option target="twitchingTest"/>
			<Option target="simpleBactTest"/>
			<Option target="application"/>
			<Option target="swarmTest"/>
			<Option target="nutrimentTest"/>
		</Unit>
		<Unit filename="/home/payoux/Desktop/myfiles/Programmation/cpp/Projet/partie5/src/Utility/Types.hpp">
			<Option target="twitchingTest"/>
			<Option target="simpleBactTest"/>
			<Option target="application"/>
			<Option target="swarmTest"/>
			<Option target="nutrimentTest"/>
		</Unit>
		<Unit filename="/home/payoux/Desktop/myfiles/Programmation/cpp/Projet/partie5/src/Utility/Utility.cpp">
			<Option target="twitchingTest"/>
			<Option target="simpleBactTest"/>
			<Option target="application"/>
			<Option target="swarmTest"/>
			<Option target="nutrimentTest"/>
		</Unit>
		<Unit filename="/home/payoux/Desktop/myfiles/Programmation/cpp/Projet/partie5/src/Utility/Utility.hpp">
			<Option target="twitchingTest"/>
			<Option target="simpleBactTest"/>
			<Option target="application"/>
			<Option target="swarmTest"/>
			<Option target="nutrimentTest"/>
		</Unit>
		<Unit filename="/home/payoux/Desktop/myfiles/Programmation/cpp/Projet/partie5/src/Utility/Vec2d.cpp">
			<Option target="twitchingTest"/>
			<Option target="simpleBactTest"/>
			<Option target="application"/>
			<Option target="swarmTest"/>
			<Option target="nutrimentTest"/>
		</Unit>
		<Unit filename="/home/payoux/Desktop/myfiles/Programmation/cpp/Projet/partie5/src/Utility/Vec2d.hpp">
			<Option target="twitchingTest"/>
			<Option target="simpleBactTest"/>
			<Option target="application"/>
			<Option target="swarmTest"/>
			<Option target="nutrimentTest"/>
		</Unit>
		<Unit filename="/home/payoux/Desktop/myfiles/Programmation/cpp/Projet/partie5/src/CMakeLists.txt">
			<Option virtualFolder="CMake Files\"/>
		</Unit>
		<Unit filename="/home/payoux/Desktop/myfiles/Programmation/cpp/Projet/partie5/src/../../../../../../../../../usr/local/lib/cmake/SFML/SFMLConfig.cmake">
			<Option virtualFolder="CMake Files\..\..\..\..\..\..\..\..\..\usr\local\lib\cmake\SFML\"/>
		</Unit>
		<Unit filename="/home/payoux/Desktop/myfiles/Programmation/cpp/Projet/partie5/src/../../../../../../../../../usr/local/lib/cmake/SFML/SFMLConfigDependencies.cmake">
			<Option virtualFolder="CMake Files\..\..\..\..\..\..\..\..\..\usr\local\lib\cmake\SFML\"/>
		</Unit>
		<Unit filename="/home/payoux/Desktop/myfiles/Programmation/cpp/Projet/partie5/src/../../../../../../../../../usr/local/lib/cmake/SFML/SFMLConfigVersion.cmake">
			<Option virtualFolder="CMake Files\..\..\..\..\..\..\..\..\..\usr\local\lib\cmake\SFML\"/>
		</Unit>
		<Unit filename="/home/payoux/Desktop/myfiles/Programmation/cpp/Projet/partie5/src/../../../../../../../../../usr/local/lib/cmake/SFML/SFMLSharedTargets-release.cmake">
			<Option virtualFolder="CMake Files\..\..\..\..\..\..\..\..\..\usr\local\lib\cmake\SFML\"/>
		</Unit>
		<Unit filename="/home/payoux/Desktop/myfiles/Programmation/cpp/Projet/partie5/src/../../../../../../../../../usr/local/lib/cmake/SFML/SFMLSharedTargets.cmake">
			<Option virtualFolder="CMake Files\..\..\..\..\..\..\..\..\..\usr\local\lib\cmake\SFML\"/>
		</Unit>
	</Project>
</CodeBlocks_project_file>
